# This file is autogenerated, do not edit; changes may be undone by the next 'dep ensure'.


[[projects]]
  digest = "1:52ec55889de2c93a772ceba253313c12f65444aac61a11182d4d119ef97479e8"
  name = "github.com/fatih/structs"
  packages = ["."]
  pruneopts = "NT"
  revision = "a720dfa8df582c51dee1b36feabb906bde1588bd"
  version = "v1.0"

[[projects]]
  branch = "master"
  digest = "1:6c4667bb760bd74df5142b9d268c18ceb9d0ee431acbd9ac5e3d91157c0d7b6b"
  name = "github.com/foomo/htpasswd"
  packages = ["."]
  pruneopts = "NT"
  revision = "cb63c4ac0e5029b961b3ac7dcc281ed2a9232e4e"

[[projects]]
  digest = "1:341a7df38da99fe91ed40e4008c13cc5d02dcc98ed1a094360cb7d5df26d6d26"
  name = "github.com/go-logfmt/logfmt"
  packages = ["."]
  pruneopts = "NT"
  revision = "390ab7935ee28ec6b286364bba9b4dd6410cb3d5"
  version = "v0.3.0"

[[projects]]
  digest = "1:c01767916c59f084bb7c41a7d5877c0f3099b1595cfa066e84ec6ad6b084dd89"
  name = "github.com/gorilla/context"
  packages = ["."]
  pruneopts = "NT"
  revision = "08b5f424b9271eedf6f9f0ce86cb9396ed337a42"
  version = "v1.1.1"

[[projects]]
  digest = "1:bf5cf1d53d703332e9bd8984c69784645b73a938317bf5ace9aadf20ac49379a"
  name = "github.com/gorilla/mux"
  packages = ["."]
  pruneopts = "NT"
  revision = "e3702bed27f0d39777b0b37b664b6280e8ef8fbf"
  version = "v1.6.2"

[[projects]]
  digest = "1:8a3f5db50e02b5df6f52d54c7e5b76eb9851b1095a19f9f61bfd5616deca9266"
  name = "github.com/grafana/grafana"
  packages = ["pkg/util"]
  pruneopts = "NT"
  revision = "08714328541b963fdfdbafb8c6ca1bc23499b5f7"
  version = "v5.1.3"

[[projects]]
  branch = "master"
  digest = "1:f91bb67d051a94cf6ab2cf07eee0550432afc31655838d42cdec258db4b348f0"
  name = "github.com/kr/logfmt"
  packages = ["."]
  pruneopts = "NT"
  revision = "b84e30acd515aadc4b783ad4ff83aff3299bdfe0"

[[projects]]
  digest = "1:877aac77837dfd67aa9cc711f1b0003b3a1455b706586684cce1757479a335c9"
  name = "github.com/mattn/go-sqlite3"
  packages = ["."]
  pruneopts = "NT"
  revision = "25ecb14adfc7543176f7d85291ec7dba82c6f7e4"
  version = "v1.9.0"

[[projects]]
  digest = "1:5917efaa68aa47a34fbf1951c88f328f504924c001999656906d1fc32df70ca5"
  name = "github.com/sirupsen/logrus"
  packages = ["."]
  pruneopts = "NT"
  revision = "c155da19408a8799da419ed3eeb0cb5db0ad5dbc"
  version = "v1.0.5"

[[projects]]
  branch = "master"
  digest = "1:a66add8dd963bfc72649017c1b321198f596cb4958cb1a11ff91a1be8691020b"
  name = "github.com/teris-io/shortid"
  packages = ["."]
  pruneopts = "NT"
  revision = "771a37caa5cf0c81f585d7b6df4dfc77e0615b5c"

[[projects]]
  branch = "master"
  digest = "1:0d90d1327014832dc993cf34bdd3f9ff12d43be6453c6a0cc9fa279e2f341820"
  name = "golang.org/x/crypto"
  packages = [
    "bcrypt",
    "blowfish",
    "curve25519",
    "ed25519",
    "ed25519/internal/edwards25519",
    "internal/chacha20",
    "internal/subtle",
    "poly1305",
    "ssh",
    "ssh/terminal",
  ]
  pruneopts = "NT"
  revision = "a8fb68e7206f8c78be19b432c58eb52a6aa34462"

[[projects]]
  branch = "master"
  digest = "1:eaf1837f0bb3da12a177f9d900c1d1a2b88b78434e65176a15eccb9a8e6d2a32"
  name = "golang.org/x/sys"
  packages = [
    "unix",
    "windows",
  ]
  pruneopts = "NT"
  revision = "8014b7b116a67fea23fbb82cd834c9ad656ea44b"

[[projects]]
  digest = "1:7c95b35057a0ff2e19f707173cc1a947fa43a6eb5c4d300d196ece0334046082"
  name = "gopkg.in/yaml.v2"
  packages = ["."]
  pruneopts = "NT"
  revision = "5420a8b6744d3b0345ab293f6fcba19c978f1183"
  version = "v2.2.1"

[solve-meta]
  analyzer-name = "dep"
  analyzer-version = 1
  input-imports = [
    "github.com/fatih/structs",
    "github.com/foomo/htpasswd",
    "github.com/go-logfmt/logfmt",
    "github.com/gorilla/mux",
    "github.com/grafana/grafana/pkg/util",
    "github.com/mattn/go-sqlite3",
    "github.com/sirupsen/logrus",
    "golang.org/x/crypto/ssh",
    "golang.org/x/sys/unix",
    "gopkg.in/yaml.v2",
  ]
  solver-name = "gps-cdcl"
  solver-version = 1
